lockfileVersion: '6.0'

settings:
  autoInstallPeers: true
  excludeLinksFromLockfile: false

dependencies:
  embla-carousel:
    specifier: ^8.1.3
    version: 8.1.3

packages:

  /embla-carousel@8.1.3:
    resolution: {integrity: sha512-GiRpKtzidV3v50oVMly8S+D7iE1r96ttt7fSlvtyKHoSkzrAnVcu8fX3c4j8Ol2hZSQlVfDqDIqdrFPs0u5TWQ==}
    dev: false
